
Microsoft Visual Studio Solution File, Format Version 12.00
# Visual Studio Version 17
VisualStudioVersion = 17.2.32616.157
MinimumVisualStudioVersion = 10.0.40219.1
Project("{FAE04EC0-301F-11D3-BF4B-00C04F79EFBC}") = "Coupon.API", "Coupon.API\Coupon.API.csproj", "{8EE21956-6494-4265-A3DA-3F381DB24388}"
EndProject
Global
	GlobalSection(SolutionConfigurationPlatforms) = preSolution
		Debug|Any CPU = Debug|Any CPU
		Release|Any CPU = Release|Any CPU
	EndGlobalSection
	GlobalSection(ProjectConfigurationPlatforms) = postSolution
		{8EE21956-6494-4265-A3DA-3F381DB24388}.Debug|Any CPU.ActiveCfg = Debug|Any CPU
		{8EE21956-6494-4265-A3DA-3F381DB24388}.Debug|Any CPU.Build.0 = Debug|Any CPU
		{8EE21956-6494-4265-A3DA-3F381DB24388}.Release|Any CPU.ActiveCfg = Release|Any CPU
		{8EE21956-6494-4265-A3DA-3F381DB24388}.Release|Any CPU.Build.0 = Release|Any CPU
	EndGlobalSection
	GlobalSection(SolutionProperties) = preSolution
		HideSolutionNode = FALSE
	EndGlobalSection
	GlobalSection(ExtensibilityGlobals) = postSolution
		SolutionGuid = {E3F30E2F-AE42-440D-B874-9ECF6F6F4BDB}
	EndGlobalSection
EndGlobal
